
Microsoft Visual Studio Solution File, Format Version 12.00
# Visual Studio Version 17
VisualStudioVersion = 17.5.33516.290
MinimumVisualStudioVersion = 10.0.40219.1
Project("{FAE04EC0-301F-11D3-BF4B-00C04F79EFBC}") = "SignalRChat", "SignalRChat.csproj", "{A747E252-BB52-489C-AF74-2CFDE76CBF7B}"
EndProject
Global
	GlobalSection(SolutionConfigurationPlatforms) = preSolution
		Debug|Any CPU = Debug|Any CPU
		Release|Any CPU = Release|Any CPU
	EndGlobalSection
	GlobalSection(ProjectConfigurationPlatforms) = postSolution
		{A747E252-BB52-489C-AF74-2CFDE76CBF7B}.Debug|Any CPU.ActiveCfg = Debug|Any CPU
		{A747E252-BB52-489C-AF74-2CFDE76CBF7B}.Debug|Any CPU.Build.0 = Debug|Any CPU
		{A747E252-BB52-489C-AF74-2CFDE76CBF7B}.Release|Any CPU.ActiveCfg = Release|Any CPU
		{A747E252-BB52-489C-AF74-2CFDE76CBF7B}.Release|Any CPU.Build.0 = Release|Any CPU
	EndGlobalSection
	GlobalSection(SolutionProperties) = preSolution
		HideSolutionNode = FALSE
	EndGlobalSection
	GlobalSection(ExtensibilityGlobals) = postSolution
		SolutionGuid = {B68A30F6-CE07-4A9B-8D08-31785BFE29CC}
	EndGlobalSection
EndGlobal
